
Microsoft Visual Studio Solution File, Format Version 12.00
# Visual Studio Version 17
VisualStudioVersion = 17.6.33723.286
MinimumVisualStudioVersion = 10.0.40219.1
Project("{9A19103F-16F7-4668-BE54-9A1E7A4F7556}") = "LoftwareFixer", "LoftwareFixer.csproj", "{8531B024-7C2F-4C08-A4D1-12097C6B2FC1}"
EndProject
Project("{54435603-DBB4-11D2-8724-00A0C9A8B90C}") = "SetupLoftware", "..\SetupLoftware\SetupLoftware.vdproj", "{8E3870F8-9C09-41C2-B6B3-C36A83F0075E}"
EndProject
Global
	GlobalSection(SolutionConfigurationPlatforms) = preSolution
		Debug|Any CPU = Debug|Any CPU
		Debug|x64 = Debug|x64
		Release|Any CPU = Release|Any CPU
		Release|x64 = Release|x64
	EndGlobalSection
	GlobalSection(ProjectConfigurationPlatforms) = postSolution
		{8531B024-7C2F-4C08-A4D1-12097C6B2FC1}.Debug|Any CPU.ActiveCfg = Debug|Any CPU
		{8531B024-7C2F-4C08-A4D1-12097C6B2FC1}.Debug|Any CPU.Build.0 = Debug|Any CPU
		{8531B024-7C2F-4C08-A4D1-12097C6B2FC1}.Debug|x64.ActiveCfg = Debug|x64
		{8531B024-7C2F-4C08-A4D1-12097C6B2FC1}.Debug|x64.Build.0 = Debug|x64
		{8531B024-7C2F-4C08-A4D1-12097C6B2FC1}.Release|Any CPU.ActiveCfg = Release|Any CPU
		{8531B024-7C2F-4C08-A4D1-12097C6B2FC1}.Release|Any CPU.Build.0 = Release|Any CPU
		{8531B024-7C2F-4C08-A4D1-12097C6B2FC1}.Release|x64.ActiveCfg = Release|x64
		{8531B024-7C2F-4C08-A4D1-12097C6B2FC1}.Release|x64.Build.0 = Release|x64
		{8E3870F8-9C09-41C2-B6B3-C36A83F0075E}.Debug|Any CPU.ActiveCfg = Debug
		{8E3870F8-9C09-41C2-B6B3-C36A83F0075E}.Debug|x64.ActiveCfg = Debug
		{8E3870F8-9C09-41C2-B6B3-C36A83F0075E}.Release|Any CPU.ActiveCfg = Release
		{8E3870F8-9C09-41C2-B6B3-C36A83F0075E}.Release|x64.ActiveCfg = Release
		{8E3870F8-9C09-41C2-B6B3-C36A83F0075E}.Release|x64.Build.0 = Release
	EndGlobalSection
	GlobalSection(SolutionProperties) = preSolution
		HideSolutionNode = FALSE
	EndGlobalSection
	GlobalSection(ExtensibilityGlobals) = postSolution
		SolutionGuid = {AD35FC37-57EA-4702-A054-ADC0CD7D48EB}
	EndGlobalSection
EndGlobal
